{
  "name": "mlx-workspace",
  "version": "0.0.0-private.0",
  "lockfileVersion": 3,
  "requires": true,
  "packages": {
    "": {
      "version": "0.0.0-private.0",
      "workspaces": [
        "bridges/*",
        "packages/*",
        "meta/*"
      ]
    },
    "bridges/cpp": {
      "name": "mlx-cpp",
      "version": "0.0.0-draft.0",
      "cpu": [
        "arm64"
      ],
      "license": "WTFNMFPL",
      "os": [
        "darwin"
      ],
      "engines": {
        "node": ">=20.12.0"
      }
    },
    "bridges/node": {
      "name": "mlx-node",
      "version": "0.0.0-draft.0",
      "cpu": [
        "arm64"
      ],
      "license": "WTFNMFPL",
      "os": [
        "darwin"
      ],
      "dependencies": {
        "mlx-cpp": "*",
        "mlx-swift": "*"
      },
      "engines": {
        "node": ">=20.12.0"
      }
    },
    "bridges/swift": {
      "name": "mlx-swift",
      "version": "0.0.0-draft.0",
      "cpu": [
        "arm64"
      ],
      "license": "WTFNMFPL",
      "os": [
        "darwin"
      ],
      "engines": {
        "node": ">=20.12.0"
      }
    },
    "meta/api": {
      "name": "mlx-api",
      "version": "0.0.0-draft.0"
    },
    "meta/embeddings": {
      "name": "mlx-embeddings",
      "version": "0.0.0-draft.0"
    },
    "meta/llm": {
      "name": "mlx-llm",
      "version": "0.0.0-draft.0",
      "cpu": [
        "arm64"
      ],
      "license": "WTFNMFPL",
      "os": [
        "darwin"
      ],
      "dependencies": {
        "mlx-lm": "*"
      },
      "engines": {
        "node": ">=20.12.0"
      }
    },
    "meta/mlx-agent": {
      "version": "0.0.0",
      "cpu": [
        "arm64"
      ],
      "extraneous": true,
      "os": [
        "darwin"
      ],
      "engines": {
        "node": ">=20.0.0"
      }
    },
    "meta/mlx-audio": {
      "version": "0.0.0",
      "cpu": [
        "arm64"
      ],
      "extraneous": true,
      "os": [
        "darwin"
      ],
      "engines": {
        "node": ">=20.0.0"
      }
    },
    "meta/mlx-embedding": {
      "version": "0.0.0",
      "cpu": [
        "arm64"
      ],
      "extraneous": true,
      "os": [
        "darwin"
      ],
      "engines": {
        "node": ">=20.0.0"
      }
    },
    "meta/mlx-image": {
      "version": "0.0.0-draft.0",
      "cpu": [
        "arm64"
      ],
      "extraneous": true,
      "os": [
        "darwin"
      ],
      "engines": {
        "node": ">=20.0.0"
      }
    },
    "meta/mlx-server": {
      "version": "0.0.0-draft.0",
      "cpu": [
        "arm64"
      ],
      "extraneous": true,
      "os": [
        "darwin"
      ],
      "engines": {
        "node": ">=20.0.0"
      }
    },
    "meta/mlx-tensor": {
      "version": "0.0.0-draft.0",
      "extraneous": true
    },
    "meta/mlx-tool": {
      "version": "0.0.0-draft.0",
      "extraneous": true
    },
    "meta/mlx-vlm": {
      "version": "0.0.0",
      "cpu": [
        "arm64"
      ],
      "extraneous": true,
      "license": "WTFNMFPL",
      "os": [
        "darwin"
      ],
      "engines": {
        "node": ">=20.12.0"
      }
    },
    "meta/vlm": {
      "name": "mlx-vlm",
      "version": "0.0.0-draft.0",
      "cpu": [
        "arm64"
      ],
      "license": "WTFNMFPL",
      "os": [
        "darwin"
      ],
      "dependencies": {
        "mlx-lm": "*"
      },
      "engines": {
        "node": ">=20.12.0"
      }
    },
    "node_modules/@huggingface/jinja": {
      "version": "0.5.7",
      "resolved": "https://registry.npmjs.org/@huggingface/jinja/-/jinja-0.5.7.tgz",
      "integrity": "sha512-OosMEbF/R6zkKNNzqhI7kvKYCpo1F0UeIv46/h4D4UjVEKKd6k3TiV8sgu6fkreX4lbBiRI+lZG8UnXnqVQmEQ==",
      "license": "MIT",
      "engines": {
        "node": ">=18"
      }
    },
    "node_modules/@huggingface/tokenizers": {
      "version": "0.1.3",
      "resolved": "https://registry.npmjs.org/@huggingface/tokenizers/-/tokenizers-0.1.3.tgz",
      "integrity": "sha512-8rF/RRT10u+kn7YuUbUg0OF30K8rjTc78aHpxT+qJ1uWSqxT1MHi8+9ltwYfkFYJzT/oS+qw3JVfHtNMGAdqyA==",
      "license": "Apache-2.0"
    },
    "node_modules/mlx-agent": {
      "resolved": "packages/agent",
      "link": true
    },
    "node_modules/mlx-api": {
      "resolved": "meta/api",
      "link": true
    },
    "node_modules/mlx-array": {
      "resolved": "packages/array",
      "link": true
    },
    "node_modules/mlx-cli": {
      "resolved": "packages/cli",
      "link": true
    },
    "node_modules/mlx-cpp": {
      "resolved": "bridges/cpp",
      "link": true
    },
    "node_modules/mlx-embeddings": {
      "resolved": "meta/embeddings",
      "link": true
    },
    "node_modules/mlx-kit": {
      "resolved": "packages/kit",
      "link": true
    },
    "node_modules/mlx-llm": {
      "resolved": "meta/llm",
      "link": true
    },
    "node_modules/mlx-lm": {
      "resolved": "packages/lm",
      "link": true
    },
    "node_modules/mlx-mcp": {
      "resolved": "packages/mcp",
      "link": true
    },
    "node_modules/mlx-node": {
      "resolved": "bridges/node",
      "link": true
    },
    "node_modules/mlx-rag": {
      "resolved": "packages/rag",
      "link": true
    },
    "node_modules/mlx-server": {
      "resolved": "packages/server",
      "link": true
    },
    "node_modules/mlx-swift": {
      "resolved": "bridges/swift",
      "link": true
    },
    "node_modules/mlx-tool": {
      "resolved": "packages/tool",
      "link": true
    },
    "node_modules/mlx-tune": {
      "resolved": "packages/tune",
      "link": true
    },
    "node_modules/mlx-vlm": {
      "resolved": "meta/vlm",
      "link": true
    },
    "packages/agent": {
      "name": "mlx-agent",
      "version": "0.0.0-draft.1",
      "dependencies": {
        "mlx-lm": "*"
      }
    },
    "packages/array": {
      "name": "mlx-array",
      "version": "0.0.0-draft.1"
    },
    "packages/cli": {
      "name": "mlx-cli",
      "version": "0.0.0-draft.0"
    },
    "packages/kit": {
      "name": "mlx-kit",
      "version": "0.0.0-draft.0"
    },
    "packages/lm": {
      "name": "mlx-lm",
      "version": "0.0.0",
      "cpu": [
        "arm64"
      ],
      "license": "WTFNMFPL",
      "os": [
        "darwin"
      ],
      "dependencies": {
        "@huggingface/jinja": "^0.5.7",
        "@huggingface/tokenizers": "^0.1.3",
        "mlx-node": "*"
      },
      "engines": {
        "node": ">=20.12.0"
      }
    },
    "packages/mcp": {
      "name": "mlx-mcp",
      "version": "0.0.0-draft.0"
    },
    "packages/mlx-lm": {
      "version": "0.0.0",
      "cpu": [
        "arm64"
      ],
      "extraneous": true,
      "license": "WTFNMFPL",
      "os": [
        "darwin"
      ],
      "dependencies": {
        "mlx-swift": "file:../mlx-swift"
      },
      "engines": {
        "node": ">=20.12.0"
      }
    },
    "packages/mlx-swift": {
      "version": "0.0.0",
      "cpu": [
        "arm64"
      ],
      "extraneous": true,
      "license": "WTFNMFPL",
      "os": [
        "darwin"
      ],
      "engines": {
        "node": ">=20.12.0"
      }
    },
    "packages/node": {
      "name": "mlx-node",
      "version": "0.0.0",
      "cpu": [
        "arm64"
      ],
      "extraneous": true,
      "license": "WTFNMFPL",
      "os": [
        "darwin"
      ],
      "dependencies": {
        "mlx-cpp": "*",
        "mlx-swift": "*"
      },
      "engines": {
        "node": ">=20.12.0"
      }
    },
    "packages/rag": {
      "name": "mlx-rag",
      "version": "0.0.0-draft.0"
    },
    "packages/server": {
      "name": "mlx-server",
      "version": "0.0.0-draft.0"
    },
    "packages/tool": {
      "name": "mlx-tool",
      "version": "0.0.0-draft.0"
    },
    "packages/tune": {
      "name": "mlx-tune",
      "version": "0.0.0-draft.0"
    }
  }
}
